// !$*UTF8*$!
{
	archiveVersion = 1;
	classes = {
	};
	objectVersion = 50;
	objects = {

/* Begin PBXBuildFile section */
		C379DE1E212C91BE009D7EFB /* AppDelegate.swift in Sources */ = {isa = PBXBuildFile; fileRef = C379DE1D212C91BE009D7EFB /* AppDelegate.swift */; };
		C379DE20212C91BE009D7EFB /* ViewController.swift in Sources */ = {isa = PBXBuildFile; fileRef = C379DE1F212C91BE009D7EFB /* ViewController.swift */; };
		C379DE23212C91BE009D7EFB /* Main.storyboard in Resources */ = {isa = PBXBuildFile; fileRef = C379DE21212C91BE009D7EFB /* Main.storyboard */; };
		C379DE25212C91C0009D7EFB /* Assets.xcassets in Resources */ = {isa = PBXBuildFile; fileRef = C379DE24212C91C0009D7EFB /* Assets.xcassets */; };
		C379DE28212C91C1009D7EFB /* LaunchScreen.storyboard in Resources */ = {isa = PBXBuildFile; fileRef = C379DE26212C91C1009D7EFB /* LaunchScreen.storyboard */; };
		C379DE30212C91FE009D7EFB /* Settings.bundle in Resources */ = {isa = PBXBuildFile; fileRef = C379DE2F212C91FE009D7EFB /* Settings.bundle */; };
/* End PBXBuildFile section */

/* Begin PBXFileReference section */
		C379DE1A212C91BE009D7EFB /* SettingsBundle.app */ = {isa = PBXFileReference; explicitFileType = wrapper.application; includeInIndex = 0; path = SettingsBundle.app; sourceTree = BUILT_PRODUCTS_DIR; };
		C379DE1D212C91BE009D7EFB /* AppDelegate.swift */ = {isa = PBXFileReference; lastKnownFileType = sourcecode.swift; path = AppDelegate.swift; sourceTree = "<group>"; };
		C379DE1F212C91BE009D7EFB /* ViewController.swift */ = {isa = PBXFileReference; lastKnownFileType = sourcecode.swift; path = ViewController.swift; sourceTree = "<group>"; };
		C379DE22212C91BE009D7EFB /* Base */ = {isa = PBXFileReference; lastKnownFileType = file.storyboard; name = Base; path = Base.lproj/Main.storyboard; sourceTree = "<group>"; };
		C379DE24212C91C0009D7EFB /* Assets.xcassets */ = {isa = PBXFileReference; lastKnownFileType = folder.assetcatalog; path = Assets.xcassets; sourceTree = "<group>"; };
		C379DE27212C91C1009D7EFB /* Base */ = {isa = PBXFileReference; lastKnownFileType = file.storyboard; name = Base; path = Base.lproj/LaunchScreen.storyboard; sourceTree = "<group>"; };
		C379DE29212C91C1009D7EFB /* Info.plist */ = {isa = PBXFileReference; lastKnownFileType = text.plist.xml; path = Info.plist; sourceTree = "<group>"; };
		C379DE2F212C91FE009D7EFB /* Settings.bundle */ = {isa = PBXFileReference; lastKnownFileType = "wrapper.plug-in"; path = Settings.bundle; sourceTree = "<group>"; };
/* End PBXFileReference section */

/* Begin PBXFrameworksBuildPhase section */
		C379DE17212C91BE009D7EFB /* Frameworks */ = {
			isa = PBXFrameworksBuildPhase;
			buildActionMask = 2147483647;
			files = (
			);
			runOnlyForDeploymentPostprocessing = 0;
		};
/* End PBXFrameworksBuildPhase section */

/* Begin PBXGroup section */
		C379DE11212C91BE009D7EFB = {
			isa = PBXGroup;
			children = (
				C379DE1C212C91BE009D7EFB /* SettingsBundle */,
				C379DE1B212C91BE009D7EFB /* Products */,
			);
			sourceTree = "<group>";
		};
		C379DE1B212C91BE009D7EFB /* Products */ = {
			isa = PBXGroup;
			children = (
				C379DE1A212C91BE009D7EFB /* SettingsBundle.app */,
			);
			name = Products;
			sourceTree = "<group>";
		};
		C379DE1C212C91BE009D7EFB /* SettingsBundle */ = {
			isa = PBXGroup;
			children = (
				C379DE1D212C91BE009D7EFB /* AppDelegate.swift */,
				C379DE1F212C91BE009D7EFB /* ViewController.swift */,
				C379DE21212C91BE009D7EFB /* Main.storyboard */,
				C379DE24212C91C0009D7EFB /* Assets.xcassets */,
				C379DE26212C91C1009D7EFB /* LaunchScreen.storyboard */,
				C379DE29212C91C1009D7EFB /* Info.plist */,
				C379DE2F212C91FE009D7EFB /* Settings.bundle */,
			);
			path = SettingsBundle;
			sourceTree = "<group>";
		};
/* End PBXGroup section */

/* Begin PBXNativeTarget section */
		C379DE19212C91BE009D7EFB /* SettingsBundle */ = {
			isa = PBXNativeTarget;
			buildConfigurationList = C379DE2C212C91C1009D7EFB /* Build configuration list for PBXNativeTarget "SettingsBundle" */;
			buildPhases = (
				C379DE16212C91BE009D7EFB /* Sources */,
				C379DE17212C91BE009D7EFB /* Frameworks */,
				C379DE18212C91BE009D7EFB /* Resources */,
			);
			buildRules = (
			);
			dependencies = (
			);
			name = SettingsBundle;
			productName = SettingsBundle;
			productReference = C379DE1A212C91BE009D7EFB /* SettingsBundle.app */;
			productType = "com.apple.product-type.application";
		};
/* End PBXNativeTarget section */

/* Begin PBXProject section */
		C379DE12212C91BE009D7EFB /* Project object */ = {
			isa = PBXProject;
			attributes = {
				LastSwiftUpdateCheck = 0940;
				LastUpgradeCheck = 0940;
				ORGANIZATIONNAME = "Tony Camilli";
				TargetAttributes = {
					C379DE19212C91BE009D7EFB = {
						CreatedOnToolsVersion = 9.4.1;
					};
				};
			};
			buildConfigurationList = C379DE15212C91BE009D7EFB /* Build configuration list for PBXProject "SettingsBundle" */;
			compatibilityVersion = "Xcode 9.3";
			developmentRegion = en;
			hasScannedForEncodings = 0;
			knownRegions = (
				en,
				Base,
			);
			mainGroup = C379DE11212C91BE009D7EFB;
			productRefGroup = C379DE1B212C91BE009D7EFB /* Products */;
			projectDirPath = "";
			projectRoot = "";
			targets = (
				C379DE19212C91BE009D7EFB /* SettingsBundle */,
			);
		};
/* End PBXProject section */

/* Begin PBXResourcesBuildPhase section */
		C379DE18212C91BE009D7EFB /* Resources */ = {
			isa = PBXResourcesBuildPhase;
			buildActionMask = 2147483647;
			files = (
				C379DE30212C91FE009D7EFB /* Settings.bundle in Resources */,
				C379DE28212C91C1009D7EFB /* LaunchScreen.storyboard in Resources */,
				C379DE25212C91C0009D7EFB /* Assets.xcassets in Resources */,
				C379DE23212C91BE009D7EFB /* Main.storyboard in Resources */,
			);
			runOnlyForDeploymentPostprocessing = 0;
		};
/* End PBXResourcesBuildPhase section */

/* Begin PBXSourcesBuildPhase section */
		C379DE16212C91BE009D7EFB /* Sources */ = {
			isa = PBXSourcesBuildPhase;
			buildActionMask = 2147483647;
			files = (
				C379DE20212C91BE009D7EFB /* ViewController.swift in Sources */,
				C379DE1E212C91BE009D7EFB /* AppDelegate.swift in Sources */,
			);
			runOnlyForDeploymentPostprocessing = 0;
		};
/* End PBXSourcesBuildPhase section */

/* Begin PBXVariantGroup section */
		C379DE21212C91BE009D7EFB /* Main.storyboard */ = {
			isa = PBXVariantGroup;
			children = (
				C379DE22212C91BE009D7EFB /* Base */,
			);
			name = Main.storyboard;
			sourceTree = "<group>";
		};
		C379DE26212C91C1009D7EFB /* LaunchScreen.storyboard */ = {
			isa = PBXVariantGroup;
			children = (
				C379DE27212C91C1009D7EFB /* Base */,
			);
			name = LaunchScreen.storyboard;
			sourceTree = "<group>";
		};
/* End PBXVariantGroup section */

/* Begin XCBuildConfiguration section */
		C379DE2A212C91C1009D7EFB /* Debug */ = {
			isa = XCBuildConfiguration;
			buildSettings = {
				ALWAYS_SEARCH_USER_PATHS = NO;
				CLANG_ANALYZER_NONNULL = YES;
				CLANG_ANALYZER_NUMBER_OBJECT_CONVERSION = YES_AGGRESSIVE;
				CLANG_CXX_LANGUAGE_STANDARD = "gnu++14";
				CLANG_CXX_LIBRARY = "libc++";
				CLANG_ENABLE_MODULES = YES;
				CLANG_ENABLE_OBJC_ARC = YES;
				CLANG_ENABLE_OBJC_WEAK = YES;
				CLANG_WARN_BLOCK_CAPTURE_AUTORELEASING = YES;
				CLANG_WARN_BOOL_CONVERSION = YES;
				CLANG_WARN_COMMA = YES;
				CLANG_WARN_CONSTANT_CONVERSION = YES;
				CLANG_WARN_DEPRECATED_OBJC_IMPLEMENTATIONS = YES;
				CLANG_WARN_DIRECT_OBJC_ISA_USAGE = YES_ERROR;
				CLANG_WARN_DOCUMENTATION_COMMENTS = YES;
				CLANG_WARN_EMPTY_BODY = YES;
				CLANG_WARN_ENUM_CONVERSION = YES;
				CLANG_WARN_INFINITE_RECURSION = YES;
				CLANG_WARN_INT_CONVERSION = YES;
				CLANG_WARN_NON_LITERAL_NULL_CONVERSION = YES;
				CLANG_WARN_OBJC_IMPLICIT_RETAIN_SELF = YES;
				CLANG_WARN_OBJC_LITERAL_CONVERSION = YES;
				CLANG_WARN_OBJC_ROOT_CLASS = YES_ERROR;
				CLANG_WARN_RANGE_LOOP_ANALYSIS = YES;
				CLANG_WARN_STRICT_PROTOTYPES = YES;
				CLANG_WARN_SUSPICIOUS_MOVE = YES;
				CLANG_WARN_UNGUARDED_AVAILABILITY = YES_AGGRESSIVE;
				CLANG_WARN_UNREACHABLE_CODE = YES;
				CLANG_WARN__DUPLICATE_METHOD_MATCH = YES;
				CODE_SIGN_IDENTITY = "iPhone Developer";
				COPY_PHASE_STRIP = NO;
				DEBUG_INFORMATION_FORMAT = dwarf;
				ENABLE_STRICT_OBJC_MSGSEND = YES;
				ENABLE_TESTABILITY = YES;
				GCC_C_LANGUAGE_STANDARD = gnu11;
				GCC_DYNAMIC_NO_PIC = NO;
				GCC_NO_COMMON_BLOCKS = YES;
				GCC_OPTIMIZATION_LEVEL = 0;
				GCC_PREPROCESSOR_DEFINITIONS = (
					"DEBUG=1",
					"$(inherited)",
				);
				GCC_WARN_64_TO_32_BIT_CONVERSION = YES;
				GCC_WARN_ABOUT_RETURN_TYPE = YES_ERROR;
				GCC_WARN_UNDECLARED_SELECTOR = YES;
				GCC_WARN_UNINITIALIZED_AUTOS = YES_AGGRESSIVE;
				GCC_WARN_UNUSED_FUNCTION = YES;
				GCC_WARN_UNUSED_VARIABLE = YES;
				IPHONEOS_DEPLOYMENT_TARGET = 11.4;
				MTL_ENABLE_DEBUG_INFO = YES;
				ONLY_ACTIVE_ARCH = YES;
				SDKROOT = iphoneos;
				SWIFT_ACTIVE_COMPILATION_CONDITIONS = DEBUG;
				SWIFT_OPTIMIZATION_LEVEL = "-Onone";
			};
			name = Debug;
		};
		C379DE2B212C91C1009D7EFB /* Release */ = {
			isa = XCBuildConfiguration;
			buildSettings = {
				ALWAYS_SEARCH_USER_PATHS = NO;
				CLANG_ANALYZER_NONNULL = YES;
				CLANG_ANALYZER_NUMBER_OBJECT_CONVERSION = YES_AGGRESSIVE;
				CLANG_CXX_LANGUAGE_STANDARD = "gnu++14";
				CLANG_CXX_LIBRARY = "libc++";
				CLANG_ENABLE_MODULES = YES;
				CLANG_ENABLE_OBJC_ARC = YES;
				CLANG_ENABLE_OBJC_WEAK = YES;
				CLANG_WARN_BLOCK_CAPTURE_AUTORELEASING = YES;
				CLANG_WARN_BOOL_CONVERSION = YES;
				CLANG_WARN_COMMA = YES;
				CLANG_WARN_CONSTANT_CONVERSION = YES;
				CLANG_WARN_DEPRECATED_OBJC_IMPLEMENTATIONS = YES;
				CLANG_WARN_DIRECT_OBJC_ISA_USAGE = YES_ERROR;
				CLANG_WARN_DOCUMENTATION_COMMENTS = YES;
				CLANG_WARN_EMPTY_BODY = YES;
				CLANG_WARN_ENUM_CONVERSION = YES;
				CLANG_WARN_INFINITE_RECURSION = YES;
				CLANG_WARN_INT_CONVERSION = YES;
				CLANG_WARN_NON_LITERAL_NULL_CONVERSION = YES;
				CLANG_WARN_OBJC_IMPLICIT_RETAIN_SELF = YES;
				CLANG_WARN_OBJC_LITERAL_CONVERSION = YES;
				CLANG_WARN_OBJC_ROOT_CLASS = YES_ERROR;
				CLANG_WARN_RANGE_LOOP_ANALYSIS = YES;
				CLANG_WARN_STRICT_PROTOTYPES = YES;
				CLANG_WARN_SUSPICIOUS_MOVE = YES;
				CLANG_WARN_UNGUARDED_AVAILABILITY = YES_AGGRESSIVE;
				CLANG_WARN_UNREACHABLE_CODE = YES;
				CLANG_WARN__DUPLICATE_METHOD_MATCH = YES;
				CODE_SIGN_IDENTITY = "iPhone Developer";
				COPY_PHASE_STRIP = NO;
				DEBUG_INFORMATION_FORMAT = "dwarf-with-dsym";
				ENABLE_NS_ASSERTIONS = NO;
				ENABLE_STRICT_OBJC_MSGSEND = YES;
				GCC_C_LANGUAGE_STANDARD = gnu11;
				GCC_NO_COMMON_BLOCKS = YES;
				GCC_WARN_64_TO_32_BIT_CONVERSION = YES;
				GCC_WARN_ABOUT_RETURN_TYPE = YES_ERROR;
				GCC_WARN_UNDECLARED_SELECTOR = YES;
				GCC_WARN_UNINITIALIZED_AUTOS = YES_AGGRESSIVE;
				GCC_WARN_UNUSED_FUNCTION = YES;
				GCC_WARN_UNUSED_VARIABLE = YES;
				IPHONEOS_DEPLOYMENT_TARGET = 11.4;
				MTL_ENABLE_DEBUG_INFO = NO;
				SDKROOT = iphoneos;
				SWIFT_COMPILATION_MODE = wholemodule;
				SWIFT_OPTIMIZATION_LEVEL = "-O";
				VALIDATE_PRODUCT = YES;
			};
			name = Release;
		};
		C379DE2D212C91C1009D7EFB /* Debug */ = {
			isa = XCBuildConfiguration;
			buildSettings = {
				ASSETCATALOG_COMPILER_APPICON_NAME = AppIcon;
				CODE_SIGN_STYLE = Automatic;
				INFOPLIST_FILE = SettingsBundle/Info.plist;
				IPHONEOS_DEPLOYMENT_TARGET = 11.4;
				LD_RUNPATH_SEARCH_PATHS = (
					"$(inherited)",
					"@executable_path/Frameworks",
				);
				PRODUCT_BUNDLE_IDENTIFIER = com.tonycamilli.SettingsBundle;
				PRODUCT_NAME = "$(TARGET_NAME)";
				SWIFT_VERSION = 4.0;
				TARGETED_DEVICE_FAMILY = "1,2";
			};
			name = Debug;
		};
		C379DE2E212C91C1009D7EFB /* Release */ = {
			isa = XCBuildConfiguration;
			buildSettings = {
				ASSETCATALOG_COMPILER_APPICON_NAME = AppIcon;
				CODE_SIGN_STYLE = Automatic;
				INFOPLIST_FILE = SettingsBundle/Info.plist;
				IPHONEOS_DEPLOYMENT_TARGET = 11.4;
				LD_RUNPATH_SEARCH_PATHS = (
					"$(inherited)",
					"@executable_path/Frameworks",
				);
				PRODUCT_BUNDLE_IDENTIFIER = com.tonycamilli.SettingsBundle;
				PRODUCT_NAME = "$(TARGET_NAME)";
				SWIFT_VERSION = 4.0;
				TARGETED_DEVICE_FAMILY = "1,2";
			};
			name = Release;
		};
/* End XCBuildConfiguration section */

/* Begin XCConfigurationList section */
		C379DE15212C91BE009D7EFB /* Build configuration list for PBXProject "SettingsBundle" */ = {
			isa = XCConfigurationList;
			buildConfigurations = (
				C379DE2A212C91C1009D7EFB /* Debug */,
				C379DE2B212C91C1009D7EFB /* Release */,
			);
			defaultConfigurationIsVisible = 0;
			defaultConfigurationName = Release;
		};
		C379DE2C212C91C1009D7EFB /* Build configuration list for PBXNativeTarget "SettingsBundle" */ = {
			isa = XCConfigurationList;
			buildConfigurations = (
				C379DE2D212C91C1009D7EFB /* Debug */,
				C379DE2E212C91C1009D7EFB /* Release */,
			);
			defaultConfigurationIsVisible = 0;
			defaultConfigurationName = Release;
		};
/* End XCConfigurationList section */
	};
	rootObject = C379DE12212C91BE009D7EFB /* Project object */;
}
